
Microsoft Visual Studio Solution File, Format Version 12.00
# Visual Studio Version 17
VisualStudioVersion = 17.6.33829.357
MinimumVisualStudioVersion = 10.0.40219.1
Project("{FAE04EC0-301F-11D3-BF4B-00C04F79EFBC}") = "Graph", "Graph\Graph.csproj", "{A2C38F06-20CB-4A14-AF14-B202D7B3BD1C}"
EndProject
Project("{FAE04EC0-301F-11D3-BF4B-00C04F79EFBC}") = "Figure", "Figure\Figure.csproj", "{2B5BDF81-ADF1-44B1-A3BF-14263358AB61}"
EndProject
Project("{FAE04EC0-301F-11D3-BF4B-00C04F79EFBC}") = "Calculator", "Calculator\Calculator.csproj", "{8B179131-CC2E-4F8C-92C2-0EDAA0522D39}"
EndProject
Global
	GlobalSection(SolutionConfigurationPlatforms) = preSolution
		Debug|Any CPU = Debug|Any CPU
		Release|Any CPU = Release|Any CPU
	EndGlobalSection
	GlobalSection(ProjectConfigurationPlatforms) = postSolution
		{A2C38F06-20CB-4A14-AF14-B202D7B3BD1C}.Debug|Any CPU.ActiveCfg = Debug|Any CPU
		{A2C38F06-20CB-4A14-AF14-B202D7B3BD1C}.Debug|Any CPU.Build.0 = Debug|Any CPU
		{A2C38F06-20CB-4A14-AF14-B202D7B3BD1C}.Release|Any CPU.ActiveCfg = Release|Any CPU
		{A2C38F06-20CB-4A14-AF14-B202D7B3BD1C}.Release|Any CPU.Build.0 = Release|Any CPU
		{2B5BDF81-ADF1-44B1-A3BF-14263358AB61}.Debug|Any CPU.ActiveCfg = Debug|Any CPU
		{2B5BDF81-ADF1-44B1-A3BF-14263358AB61}.Debug|Any CPU.Build.0 = Debug|Any CPU
		{2B5BDF81-ADF1-44B1-A3BF-14263358AB61}.Release|Any CPU.ActiveCfg = Release|Any CPU
		{2B5BDF81-ADF1-44B1-A3BF-14263358AB61}.Release|Any CPU.Build.0 = Release|Any CPU
		{8B179131-CC2E-4F8C-92C2-0EDAA0522D39}.Debug|Any CPU.ActiveCfg = Debug|Any CPU
		{8B179131-CC2E-4F8C-92C2-0EDAA0522D39}.Debug|Any CPU.Build.0 = Debug|Any CPU
		{8B179131-CC2E-4F8C-92C2-0EDAA0522D39}.Release|Any CPU.ActiveCfg = Release|Any CPU
		{8B179131-CC2E-4F8C-92C2-0EDAA0522D39}.Release|Any CPU.Build.0 = Release|Any CPU
	EndGlobalSection
	GlobalSection(SolutionProperties) = preSolution
		HideSolutionNode = FALSE
	EndGlobalSection
	GlobalSection(ExtensibilityGlobals) = postSolution
		SolutionGuid = {426C1D21-6E84-415A-9346-6E4FB60C07BC}
	EndGlobalSection
EndGlobal
